
Microsoft Visual Studio Solution File, Format Version 12.00
# Visual Studio Version 17
VisualStudioVersion = 17.12.35527.113 d17.12
MinimumVisualStudioVersion = 10.0.40219.1
Project("{9A19103F-16F7-4668-BE54-9A1E7A4F7556}") = "TestTasks", "TestTasks\TestTasks.csproj", "{F118EFEE-B875-4C11-B92E-9410E1A438DA}"
EndProject
Global
	GlobalSection(SolutionConfigurationPlatforms) = preSolution
		Debug|Any CPU = Debug|Any CPU
		Release|Any CPU = Release|Any CPU
	EndGlobalSection
	GlobalSection(ProjectConfigurationPlatforms) = postSolution
		{F118EFEE-B875-4C11-B92E-9410E1A438DA}.Debug|Any CPU.ActiveCfg = Debug|Any CPU
		{F118EFEE-B875-4C11-B92E-9410E1A438DA}.Debug|Any CPU.Build.0 = Debug|Any CPU
		{F118EFEE-B875-4C11-B92E-9410E1A438DA}.Release|Any CPU.ActiveCfg = Release|Any CPU
		{F118EFEE-B875-4C11-B92E-9410E1A438DA}.Release|Any CPU.Build.0 = Release|Any CPU
	EndGlobalSection
	GlobalSection(SolutionProperties) = preSolution
		HideSolutionNode = FALSE
	EndGlobalSection
	GlobalSection(ExtensibilityGlobals) = postSolution
		SolutionGuid = {BAEADCFE-FAD5-4F0E-A88C-883BF52A9ED6}
	EndGlobalSection
EndGlobal
